
Microsoft Visual Studio Solution File, Format Version 12.00
# Visual Studio Version 17
VisualStudioVersion = 17.4.33205.214
MinimumVisualStudioVersion = 10.0.40219.1
Project("{9A19103F-16F7-4668-BE54-9A1E7A4F7556}") = "Lojinha2", "..\ConsoleApp3\Lojinha2.csproj", "{5D256594-EF01-4473-A28F-E33310C30046}"
EndProject
Global
	GlobalSection(SolutionConfigurationPlatforms) = preSolution
		Debug|Any CPU = Debug|Any CPU
		Release|Any CPU = Release|Any CPU
	EndGlobalSection
	GlobalSection(ProjectConfigurationPlatforms) = postSolution
		{5D256594-EF01-4473-A28F-E33310C30046}.Debug|Any CPU.ActiveCfg = Debug|Any CPU
		{5D256594-EF01-4473-A28F-E33310C30046}.Debug|Any CPU.Build.0 = Debug|Any CPU
		{5D256594-EF01-4473-A28F-E33310C30046}.Release|Any CPU.ActiveCfg = Release|Any CPU
		{5D256594-EF01-4473-A28F-E33310C30046}.Release|Any CPU.Build.0 = Release|Any CPU
	EndGlobalSection
	GlobalSection(SolutionProperties) = preSolution
		HideSolutionNode = FALSE
	EndGlobalSection
	GlobalSection(ExtensibilityGlobals) = postSolution
		SolutionGuid = {82D0B879-2847-447F-9F4E-250E757CE82B}
	EndGlobalSection
EndGlobal
